
Microsoft Visual Studio Solution File, Format Version 12.00
# Visual Studio Version 17
VisualStudioVersion = 17.14.36212.18 d17.14
MinimumVisualStudioVersion = 10.0.40219.1
Project("{FAE04EC0-301F-11D3-BF4B-00C04F79EFBC}") = "INNOTM", "INNOTM.csproj", "{ABEE046A-C08C-4DB1-9E87-33E7DED66C7A}"
EndProject
Global
	GlobalSection(SolutionConfigurationPlatforms) = preSolution
		Debug|Any CPU = Debug|Any CPU
		Release|Any CPU = Release|Any CPU
	EndGlobalSection
	GlobalSection(ProjectConfigurationPlatforms) = postSolution
		{ABEE046A-C08C-4DB1-9E87-33E7DED66C7A}.Debug|Any CPU.ActiveCfg = Debug|Any CPU
		{ABEE046A-C08C-4DB1-9E87-33E7DED66C7A}.Debug|Any CPU.Build.0 = Debug|Any CPU
		{ABEE046A-C08C-4DB1-9E87-33E7DED66C7A}.Release|Any CPU.ActiveCfg = Release|Any CPU
		{ABEE046A-C08C-4DB1-9E87-33E7DED66C7A}.Release|Any CPU.Build.0 = Release|Any CPU
	EndGlobalSection
	GlobalSection(SolutionProperties) = preSolution
		HideSolutionNode = FALSE
	EndGlobalSection
	GlobalSection(ExtensibilityGlobals) = postSolution
		SolutionGuid = {F8E66625-A4BF-470E-BC52-D36E71C70ADA}
	EndGlobalSection
EndGlobal
